<?xml version="1.0" encoding="utf-8"?>
<Project ToolsVersion="4.0" xmlns="http://schemas.microsoft.com/developer/msbuild/2003">
  <ItemGroup>
    <Filter Include="Source Files">
      <UniqueIdentifier>{4FC737F1-C7A5-4376-A066-2A32D752A2FF}</UniqueIdentifier>
      <Extensions>cpp;c;cc;cxx;c++;cppm;ixx;def;odl;idl;hpj;bat;asm;asmx</Extensions>
    </Filter>
    <Filter Include="Header Files">
      <UniqueIdentifier>{93995380-89BD-4b04-88EB-625FBE52EBFB}</UniqueIdentifier>
      <Extensions>h;hh;hpp;hxx;h++;hm;inl;inc;ipp;xsd</Extensions>
    </Filter>
    <Filter Include="Resource Files">
      <UniqueIdentifier>{67DA6AB6-F800-4c08-8B7A-83BB121AAD01}</UniqueIdentifier>
      <Extensions>rc;ico;cur;bmp;dlg;rc2;rct;bin;rgs;gif;jpg;jpeg;jpe;resx;tiff;tif;png;wav;mfcribbon-ms</Extensions>
    </Filter>
    <Filter Include="Models">
      <UniqueIdentifier>{9a523776-b654-4871-a707-47311ae2bcdb}</UniqueIdentifier>
    </Filter>
    <Filter Include="Views">
      <UniqueIdentifier>{35abfc3a-15f2-4e6b-87f3-3d76a6fd1782}</UniqueIdentifier>
    </Filter>
    <Filter Include="Controller">
      <UniqueIdentifier>{1f44c49d-1893-4f2d-aab6-d726a4268857}</UniqueIdentifier>
    </Filter>
    <Filter Include="Services">
      <UniqueIdentifier>{0edb66cc-ca55-4ee5-880b-4f54b20036b6}</UniqueIdentifier>
    </Filter>
    <Filter Include="Factory">
      <UniqueIdentifier>{f5438ab4-3ac8-443e-9cc2-c63370f454bb}</UniqueIdentifier>
    </Filter>
  </ItemGroup>
  <ItemGroup>
    <ClCompile Include="Trenser.DockUMan.cpp">
      <Filter>Source Files</Filter>
    </ClCompile>
    <ClCompile Include="Models\BillAndPayment.cpp">
      <Filter>Models</Filter>
    </ClCompile>
    <ClCompile Include="Models\Booking.cpp">
      <Filter>Models</Filter>
    </ClCompile>
    <ClCompile Include="Models\Container.cpp">
      <Filter>Models</Filter>
    </ClCompile>
    <ClCompile Include="Models\Crane.cpp">
      <Filter>Models</Filter>
    </ClCompile>
    <ClCompile Include="Models\CustomsOfficer.cpp">
      <Filter>Models</Filter>
    </ClCompile>
    <ClCompile Include="Models\CustomsPenalty.cpp">
      <Filter>Models</Filter>
    </ClCompile>
    <ClCompile Include="Models\Dock.cpp">
      <Filter>Models</Filter>
    </ClCompile>
    <ClCompile Include="Models\Log.cpp">
      <Filter>Models</Filter>
    </ClCompile>
    <ClCompile Include="Models\Notification.cpp">
      <Filter>Models</Filter>
    </ClCompile>
    <ClCompile Include="Models\PickupAgent.cpp">
      <Filter>Models</Filter>
    </ClCompile>
    <ClCompile Include="Models\Port.cpp">
      <Filter>Models</Filter>
    </ClCompile>
    <ClCompile Include="Models\PortAuthorityAdmin.cpp">
      <Filter>Models</Filter>
    </ClCompile>
    <ClCompile Include="Models\Ship.cpp">
      <Filter>Models</Filter>
    </ClCompile>
    <ClCompile Include="Models\ShipManager.cpp">
      <Filter>Models</Filter>
    </ClCompile>
    <ClCompile Include="Models\ShippingAgent.cpp">
      <Filter>Models</Filter>
    </ClCompile>
    <ClCompile Include="Models\TerminalOperator.cpp">
      <Filter>Models</Filter>
    </ClCompile>
    <ClCompile Include="Models\Threshold.cpp">
      <Filter>Models</Filter>
    </ClCompile>
    <ClCompile Include="Models\Truck.cpp">
      <Filter>Models</Filter>
    </ClCompile>
    <ClCompile Include="Models\User.cpp">
      <Filter>Models</Filter>
    </ClCompile>
    <ClCompile Include="Models\Yard.cpp">
      <Filter>Models</Filter>
    </ClCompile>
    <ClCompile Include="Models\YardBlock.cpp">
      <Filter>Models</Filter>
    </ClCompile>
    <ClCompile Include="Views\Menu.cpp">
      <Filter>Views</Filter>
    </ClCompile>
    <ClCompile Include="Views\UserInterface.cpp">
      <Filter>Views</Filter>
    </ClCompile>
    <ClCompile Include="Controller\DockUManController.cpp">
      <Filter>Controller</Filter>
    </ClCompile>
    <ClCompile Include="Services\BillAndPaymentService.cpp">
      <Filter>Services</Filter>
    </ClCompile>
    <ClCompile Include="Services\BookingService.cpp">
      <Filter>Services</Filter>
    </ClCompile>
    <ClCompile Include="Services\ContainerService.cpp">
      <Filter>Services</Filter>
    </ClCompile>
    <ClCompile Include="Services\CraneService.cpp">
      <Filter>Services</Filter>
    </ClCompile>
    <ClCompile Include="Services\CustomsService.cpp">
      <Filter>Services</Filter>
    </ClCompile>
    <ClCompile Include="Services\DockService.cpp">
      <Filter>Services</Filter>
    </ClCompile>
    <ClCompile Include="Services\LogService.cpp">
      <Filter>Services</Filter>
    </ClCompile>
    <ClCompile Include="Services\NotificationService.cpp">
      <Filter>Services</Filter>
    </ClCompile>
    <ClCompile Include="Services\PortService.cpp">
      <Filter>Services</Filter>
    </ClCompile>
    <ClCompile Include="Services\ShipService.cpp">
      <Filter>Services</Filter>
    </ClCompile>
    <ClCompile Include="Services\ThresholdService.cpp">
      <Filter>Services</Filter>
    </ClCompile>
    <ClCompile Include="Services\TruckService.cpp">
      <Filter>Services</Filter>
    </ClCompile>
    <ClCompile Include="Services\YardService.cpp">
      <Filter>Services</Filter>
    </ClCompile>
    <ClCompile Include="Factory\UserFactory.cpp">
      <Filter>Factory</Filter>
    </ClCompile>
  </ItemGroup>
  <ItemGroup>
    <ClInclude Include="Models\BillAndPayment.h">
      <Filter>Models</Filter>
    </ClInclude>
    <ClInclude Include="Models\Booking.h">
      <Filter>Models</Filter>
    </ClInclude>
    <ClInclude Include="Models\Container.h">
      <Filter>Models</Filter>
    </ClInclude>
    <ClInclude Include="Models\Crane.h">
      <Filter>Models</Filter>
    </ClInclude>
    <ClInclude Include="Models\CustomsOfficer.h">
      <Filter>Models</Filter>
    </ClInclude>
    <ClInclude Include="Models\CustomsPenalty.h">
      <Filter>Models</Filter>
    </ClInclude>
    <ClInclude Include="Models\Dock.h">
      <Filter>Models</Filter>
    </ClInclude>
    <ClInclude Include="Models\Log.h">
      <Filter>Models</Filter>
    </ClInclude>
    <ClInclude Include="Models\Notification.h">
      <Filter>Models</Filter>
    </ClInclude>
    <ClInclude Include="Models\PickupAgent.h">
      <Filter>Models</Filter>
    </ClInclude>
    <ClInclude Include="Models\Port.h">
      <Filter>Models</Filter>
    </ClInclude>
    <ClInclude Include="Models\PortAuthorityAdmin.h">
      <Filter>Models</Filter>
    </ClInclude>
    <ClInclude Include="Models\Ship.h">
      <Filter>Models</Filter>
    </ClInclude>
    <ClInclude Include="Models\ShipManager.h">
      <Filter>Models</Filter>
    </ClInclude>
    <ClInclude Include="Models\ShippingAgent.h">
      <Filter>Models</Filter>
    </ClInclude>
    <ClInclude Include="Models\TerminalOperator.h">
      <Filter>Models</Filter>
    </ClInclude>
    <ClInclude Include="Models\Threshold.h">
      <Filter>Models</Filter>
    </ClInclude>
    <ClInclude Include="Models\Truck.h">
      <Filter>Models</Filter>
    </ClInclude>
    <ClInclude Include="Models\User.h">
      <Filter>Models</Filter>
    </ClInclude>
    <ClInclude Include="Models\Yard.h">
      <Filter>Models</Filter>
    </ClInclude>
    <ClInclude Include="Models\YardBlock.h">
      <Filter>Models</Filter>
    </ClInclude>
    <ClInclude Include="Views\Menu.h">
      <Filter>Views</Filter>
    </ClInclude>
    <ClInclude Include="Views\UserInterface.h">
      <Filter>Views</Filter>
    </ClInclude>
    <ClInclude Include="Controller\DockUManController.h">
      <Filter>Controller</Filter>
    </ClInclude>
    <ClCompile Include="Services\UserService.cpp">
      <Filter>Services</Filter>
    </ClCompile>
    <ClInclude Include="Services\BillAndPaymentService.h">
      <Filter>Services</Filter>
    </ClInclude>
    <ClInclude Include="Services\BookingService.h">
      <Filter>Services</Filter>
    </ClInclude>
    <ClInclude Include="Services\ContainerService.h">
      <Filter>Services</Filter>
    </ClInclude>
    <ClInclude Include="Services\CraneService.h">
      <Filter>Services</Filter>
    </ClInclude>
    <ClInclude Include="Services\CustomsService.h">
      <Filter>Services</Filter>
    </ClInclude>
    <ClInclude Include="Services\DockService.h">
      <Filter>Services</Filter>
    </ClInclude>
    <ClInclude Include="Services\LogService.h">
      <Filter>Services</Filter>
    </ClInclude>
    <ClInclude Include="Services\NotificationService.h">
      <Filter>Services</Filter>
    </ClInclude>
    <ClInclude Include="Services\PortService.h">
      <Filter>Services</Filter>
    </ClInclude>
    <ClInclude Include="Services\ShipService.h">
      <Filter>Services</Filter>
    </ClInclude>
    <ClInclude Include="Services\ThresholdService.h">
      <Filter>Services</Filter>
    </ClInclude>
    <ClInclude Include="Services\TruckService.h">
      <Filter>Services</Filter>
    </ClInclude>
    <ClInclude Include="Services\YardService.h">
      <Filter>Services</Filter>
    </ClInclude>
    <ClInclude Include="Factory\UserFactory.h">
      <Filter>Factory</Filter>
    </ClInclude>
  </ItemGroup>
  <ItemGroup>
    <ClInclude Include="Services\UserService.h">
      <Filter>Services</Filter>
    </ClInclude>
  </ItemGroup>
</Project>